// !$*UTF8*$!
{
	archiveVersion = 1;
	classes = {
	};
	objectVersion = 46;
	objects = {

/* Begin PBXBuildFile section */
		CAB31AC91D8F968F008F84CB /* Images.xcassets in Resources */ = {isa = PBXBuildFile; fileRef = CAB31AC81D8F968F008F84CB /* Images.xcassets */; };
		CAB31B151D8FD88B008F84CB /* LXEssenceViewController.m in Sources */ = {isa = PBXBuildFile; fileRef = CAB31AF01D8FD88B008F84CB /* LXEssenceViewController.m */; };
		CAB31B161D8FD88B008F84CB /* LXFriendTrendsViewController.m in Sources */ = {isa = PBXBuildFile; fileRef = CAB31AF61D8FD88B008F84CB /* LXFriendTrendsViewController.m */; };
		CAB31B171D8FD88B008F84CB /* LXMeViewController.m in Sources */ = {isa = PBXBuildFile; fileRef = CAB31AFC1D8FD88B008F84CB /* LXMeViewController.m */; };
		CAB31B181D8FD88B008F84CB /* LXNewViewController.m in Sources */ = {isa = PBXBuildFile; fileRef = CAB31B021D8FD88B008F84CB /* LXNewViewController.m */; };
		CAB31B191D8FD88B008F84CB /* AppDelegate.m in Sources */ = {isa = PBXBuildFile; fileRef = CAB31B071D8FD88B008F84CB /* AppDelegate.m */; };
		CAB31B1A1D8FD88B008F84CB /* UIBarButtonItem+LXExtension.m in Sources */ = {isa = PBXBuildFile; fileRef = CAB31B0A1D8FD88B008F84CB /* UIBarButtonItem+LXExtension.m */; };
		CAB31B1B1D8FD88B008F84CB /* UIView+LXExtension.m in Sources */ = {isa = PBXBuildFile; fileRef = CAB31B0C1D8FD88B008F84CB /* UIView+LXExtension.m */; };
		CAB31B1C1D8FD88B008F84CB /* LXTabBarcontroller.m in Sources */ = {isa = PBXBuildFile; fileRef = CAB31B0F1D8FD88B008F84CB /* LXTabBarcontroller.m */; };
		CAB31B1D1D8FD88B008F84CB /* main.m in Sources */ = {isa = PBXBuildFile; fileRef = CAB31B101D8FD88B008F84CB /* main.m */; };
		CAB31B1E1D8FD88B008F84CB /* LXTabBar.m in Sources */ = {isa = PBXBuildFile; fileRef = CAB31B141D8FD88B008F84CB /* LXTabBar.m */; };
		CAB31B211D8FE0E3008F84CB /* LXNavigationController.m in Sources */ = {isa = PBXBuildFile; fileRef = CAB31B201D8FE0E3008F84CB /* LXNavigationController.m */; };
/* End PBXBuildFile section */

/* Begin PBXFileReference section */
		CAB31AB91D8F968F008F84CB /* 百思不得姐.app */ = {isa = PBXFileReference; explicitFileType = wrapper.application; includeInIndex = 0; path = "百思不得姐.app"; sourceTree = BUILT_PRODUCTS_DIR; };
		CAB31AC81D8F968F008F84CB /* Images.xcassets */ = {isa = PBXFileReference; lastKnownFileType = folder.assetcatalog; path = Images.xcassets; sourceTree = "<group>"; };
		CAB31ACD1D8F968F008F84CB /* Info.plist */ = {isa = PBXFileReference; lastKnownFileType = text.plist.xml; path = Info.plist; sourceTree = "<group>"; };
		CAB31AEF1D8FD88B008F84CB /* LXEssenceViewController.h */ = {isa = PBXFileReference; fileEncoding = 4; lastKnownFileType = sourcecode.c.h; path = LXEssenceViewController.h; sourceTree = "<group>"; };
		CAB31AF01D8FD88B008F84CB /* LXEssenceViewController.m */ = {isa = PBXFileReference; fileEncoding = 4; lastKnownFileType = sourcecode.c.objc; path = LXEssenceViewController.m; sourceTree = "<group>"; };
		CAB31AF51D8FD88B008F84CB /* LXFriendTrendsViewController.h */ = {isa = PBXFileReference; fileEncoding = 4; lastKnownFileType = sourcecode.c.h; path = LXFriendTrendsViewController.h; sourceTree = "<group>"; };
		CAB31AF61D8FD88B008F84CB /* LXFriendTrendsViewController.m */ = {isa = PBXFileReference; fileEncoding = 4; lastKnownFileType = sourcecode.c.objc; path = LXFriendTrendsViewController.m; sourceTree = "<group>"; };
		CAB31AFB1D8FD88B008F84CB /* LXMeViewController.h */ = {isa = PBXFileReference; fileEncoding = 4; lastKnownFileType = sourcecode.c.h; path = LXMeViewController.h; sourceTree = "<group>"; };
		CAB31AFC1D8FD88B008F84CB /* LXMeViewController.m */ = {isa = PBXFileReference; fileEncoding = 4; lastKnownFileType = sourcecode.c.objc; path = LXMeViewController.m; sourceTree = "<group>"; };
		CAB31B011D8FD88B008F84CB /* LXNewViewController.h */ = {isa = PBXFileReference; fileEncoding = 4; lastKnownFileType = sourcecode.c.h; path = LXNewViewController.h; sourceTree = "<group>"; };
		CAB31B021D8FD88B008F84CB /* LXNewViewController.m */ = {isa = PBXFileReference; fileEncoding = 4; lastKnownFileType = sourcecode.c.objc; path = LXNewViewController.m; sourceTree = "<group>"; };
		CAB31B061D8FD88B008F84CB /* AppDelegate.h */ = {isa = PBXFileReference; fileEncoding = 4; lastKnownFileType = sourcecode.c.h; path = AppDelegate.h; sourceTree = "<group>"; };
		CAB31B071D8FD88B008F84CB /* AppDelegate.m */ = {isa = PBXFileReference; fileEncoding = 4; lastKnownFileType = sourcecode.c.objc; path = AppDelegate.m; sourceTree = "<group>"; };
		CAB31B091D8FD88B008F84CB /* UIBarButtonItem+LXExtension.h */ = {isa = PBXFileReference; fileEncoding = 4; lastKnownFileType = sourcecode.c.h; path = "UIBarButtonItem+LXExtension.h"; sourceTree = "<group>"; };
		CAB31B0A1D8FD88B008F84CB /* UIBarButtonItem+LXExtension.m */ = {isa = PBXFileReference; fileEncoding = 4; lastKnownFileType = sourcecode.c.objc; path = "UIBarButtonItem+LXExtension.m"; sourceTree = "<group>"; };
		CAB31B0B1D8FD88B008F84CB /* UIView+LXExtension.h */ = {isa = PBXFileReference; fileEncoding = 4; lastKnownFileType = sourcecode.c.h; path = "UIView+LXExtension.h"; sourceTree = "<group>"; };
		CAB31B0C1D8FD88B008F84CB /* UIView+LXExtension.m */ = {isa = PBXFileReference; fileEncoding = 4; lastKnownFileType = sourcecode.c.objc; path = "UIView+LXExtension.m"; sourceTree = "<group>"; };
		CAB31B0E1D8FD88B008F84CB /* LXTabBarcontroller.h */ = {isa = PBXFileReference; fileEncoding = 4; lastKnownFileType = sourcecode.c.h; path = LXTabBarcontroller.h; sourceTree = "<group>"; };
		CAB31B0F1D8FD88B008F84CB /* LXTabBarcontroller.m */ = {isa = PBXFileReference; fileEncoding = 4; lastKnownFileType = sourcecode.c.objc; path = LXTabBarcontroller.m; sourceTree = "<group>"; };
		CAB31B101D8FD88B008F84CB /* main.m */ = {isa = PBXFileReference; fileEncoding = 4; lastKnownFileType = sourcecode.c.objc; path = main.m; sourceTree = "<group>"; };
		CAB31B111D8FD88B008F84CB /* PrefixHeader.pch */ = {isa = PBXFileReference; fileEncoding = 4; lastKnownFileType = sourcecode.c.h; path = PrefixHeader.pch; sourceTree = "<group>"; };
		CAB31B131D8FD88B008F84CB /* LXTabBar.h */ = {isa = PBXFileReference; fileEncoding = 4; lastKnownFileType = sourcecode.c.h; path = LXTabBar.h; sourceTree = "<group>"; };
		CAB31B141D8FD88B008F84CB /* LXTabBar.m */ = {isa = PBXFileReference; fileEncoding = 4; lastKnownFileType = sourcecode.c.objc; path = LXTabBar.m; sourceTree = "<group>"; };
		CAB31B1F1D8FE0E3008F84CB /* LXNavigationController.h */ = {isa = PBXFileReference; fileEncoding = 4; lastKnownFileType = sourcecode.c.h; path = LXNavigationController.h; sourceTree = "<group>"; };
		CAB31B201D8FE0E3008F84CB /* LXNavigationController.m */ = {isa = PBXFileReference; fileEncoding = 4; lastKnownFileType = sourcecode.c.objc; path = LXNavigationController.m; sourceTree = "<group>"; };
/* End PBXFileReference section */

/* Begin PBXFrameworksBuildPhase section */
		CAB31AB61D8F968F008F84CB /* Frameworks */ = {
			isa = PBXFrameworksBuildPhase;
			buildActionMask = 2147483647;
			files = (
			);
			runOnlyForDeploymentPostprocessing = 0;
		};
/* End PBXFrameworksBuildPhase section */

/* Begin PBXGroup section */
		CAB31AB01D8F968F008F84CB = {
			isa = PBXGroup;
			children = (
				CAB31ABB1D8F968F008F84CB /* 百思不得姐 */,
				CAB31ABA1D8F968F008F84CB /* Products */,
			);
			sourceTree = "<group>";
		};
		CAB31ABA1D8F968F008F84CB /* Products */ = {
			isa = PBXGroup;
			children = (
				CAB31AB91D8F968F008F84CB /* 百思不得姐.app */,
			);
			name = Products;
			sourceTree = "<group>";
		};
		CAB31ABB1D8F968F008F84CB /* 百思不得姐 */ = {
			isa = PBXGroup;
			children = (
				CAB31AEC1D8FD88B008F84CB /* Classes */,
				CAB31ABC1D8F968F008F84CB /* Supporting Files */,
			);
			path = "百思不得姐";
			sourceTree = "<group>";
		};
		CAB31ABC1D8F968F008F84CB /* Supporting Files */ = {
			isa = PBXGroup;
			children = (
				CAB31AC81D8F968F008F84CB /* Images.xcassets */,
				CAB31ACD1D8F968F008F84CB /* Info.plist */,
			);
			name = "Supporting Files";
			sourceTree = "<group>";
		};
		CAB31AEC1D8FD88B008F84CB /* Classes */ = {
			isa = PBXGroup;
			children = (
				CAB31AED1D8FD88B008F84CB /* Essence */,
				CAB31AFF1D8FD88B008F84CB /* New */,
				CAB31AF31D8FD88B008F84CB /* FriendTrends */,
				CAB31AF91D8FD88B008F84CB /* Me */,
				CAB31B051D8FD88B008F84CB /* Other */,
			);
			path = Classes;
			sourceTree = "<group>";
		};
		CAB31AED1D8FD88B008F84CB /* Essence */ = {
			isa = PBXGroup;
			children = (
				CAB31AEE1D8FD88B008F84CB /* Controller */,
				CAB31AF11D8FD88B008F84CB /* Model */,
				CAB31AF21D8FD88B008F84CB /* View */,
			);
			path = Essence;
			sourceTree = "<group>";
		};
		CAB31AEE1D8FD88B008F84CB /* Controller */ = {
			isa = PBXGroup;
			children = (
				CAB31AEF1D8FD88B008F84CB /* LXEssenceViewController.h */,
				CAB31AF01D8FD88B008F84CB /* LXEssenceViewController.m */,
			);
			path = Controller;
			sourceTree = "<group>";
		};
		CAB31AF11D8FD88B008F84CB /* Model */ = {
			isa = PBXGroup;
			children = (
			);
			path = Model;
			sourceTree = "<group>";
		};
		CAB31AF21D8FD88B008F84CB /* View */ = {
			isa = PBXGroup;
			children = (
			);
			path = View;
			sourceTree = "<group>";
		};
		CAB31AF31D8FD88B008F84CB /* FriendTrends */ = {
			isa = PBXGroup;
			children = (
				CAB31AF41D8FD88B008F84CB /* Controller */,
				CAB31AF71D8FD88B008F84CB /* Model */,
				CAB31AF81D8FD88B008F84CB /* View */,
			);
			path = FriendTrends;
			sourceTree = "<group>";
		};
		CAB31AF41D8FD88B008F84CB /* Controller */ = {
			isa = PBXGroup;
			children = (
				CAB31AF51D8FD88B008F84CB /* LXFriendTrendsViewController.h */,
				CAB31AF61D8FD88B008F84CB /* LXFriendTrendsViewController.m */,
			);
			path = Controller;
			sourceTree = "<group>";
		};
		CAB31AF71D8FD88B008F84CB /* Model */ = {
			isa = PBXGroup;
			children = (
			);
			path = Model;
			sourceTree = "<group>";
		};
		CAB31AF81D8FD88B008F84CB /* View */ = {
			isa = PBXGroup;
			children = (
			);
			path = View;
			sourceTree = "<group>";
		};
		CAB31AF91D8FD88B008F84CB /* Me */ = {
			isa = PBXGroup;
			children = (
				CAB31AFA1D8FD88B008F84CB /* Controller */,
				CAB31AFD1D8FD88B008F84CB /* Model */,
				CAB31AFE1D8FD88B008F84CB /* View */,
			);
			path = Me;
			sourceTree = "<group>";
		};
		CAB31AFA1D8FD88B008F84CB /* Controller */ = {
			isa = PBXGroup;
			children = (
				CAB31AFB1D8FD88B008F84CB /* LXMeViewController.h */,
				CAB31AFC1D8FD88B008F84CB /* LXMeViewController.m */,
			);
			path = Controller;
			sourceTree = "<group>";
		};
		CAB31AFD1D8FD88B008F84CB /* Model */ = {
			isa = PBXGroup;
			children = (
			);
			path = Model;
			sourceTree = "<group>";
		};
		CAB31AFE1D8FD88B008F84CB /* View */ = {
			isa = PBXGroup;
			children = (
			);
			path = View;
			sourceTree = "<group>";
		};
		CAB31AFF1D8FD88B008F84CB /* New */ = {
			isa = PBXGroup;
			children = (
				CAB31B001D8FD88B008F84CB /* Controller */,
				CAB31B031D8FD88B008F84CB /* Model */,
				CAB31B041D8FD88B008F84CB /* View */,
			);
			path = New;
			sourceTree = "<group>";
		};
		CAB31B001D8FD88B008F84CB /* Controller */ = {
			isa = PBXGroup;
			children = (
				CAB31B011D8FD88B008F84CB /* LXNewViewController.h */,
				CAB31B021D8FD88B008F84CB /* LXNewViewController.m */,
			);
			path = Controller;
			sourceTree = "<group>";
		};
		CAB31B031D8FD88B008F84CB /* Model */ = {
			isa = PBXGroup;
			children = (
			);
			path = Model;
			sourceTree = "<group>";
		};
		CAB31B041D8FD88B008F84CB /* View */ = {
			isa = PBXGroup;
			children = (
			);
			path = View;
			sourceTree = "<group>";
		};
		CAB31B051D8FD88B008F84CB /* Other */ = {
			isa = PBXGroup;
			children = (
				CAB31B0D1D8FD88B008F84CB /* Controller */,
				CAB31B121D8FD88B008F84CB /* View */,
				CAB31B081D8FD88B008F84CB /* Category */,
				CAB31B061D8FD88B008F84CB /* AppDelegate.h */,
				CAB31B071D8FD88B008F84CB /* AppDelegate.m */,
				CAB31B101D8FD88B008F84CB /* main.m */,
				CAB31B111D8FD88B008F84CB /* PrefixHeader.pch */,
			);
			path = Other;
			sourceTree = "<group>";
		};
		CAB31B081D8FD88B008F84CB /* Category */ = {
			isa = PBXGroup;
			children = (
				CAB31B091D8FD88B008F84CB /* UIBarButtonItem+LXExtension.h */,
				CAB31B0A1D8FD88B008F84CB /* UIBarButtonItem+LXExtension.m */,
				CAB31B0B1D8FD88B008F84CB /* UIView+LXExtension.h */,
				CAB31B0C1D8FD88B008F84CB /* UIView+LXExtension.m */,
			);
			path = Category;
			sourceTree = "<group>";
		};
		CAB31B0D1D8FD88B008F84CB /* Controller */ = {
			isa = PBXGroup;
			children = (
				CAB31B0E1D8FD88B008F84CB /* LXTabBarcontroller.h */,
				CAB31B0F1D8FD88B008F84CB /* LXTabBarcontroller.m */,
				CAB31B1F1D8FE0E3008F84CB /* LXNavigationController.h */,
				CAB31B201D8FE0E3008F84CB /* LXNavigationController.m */,
			);
			path = Controller;
			sourceTree = "<group>";
		};
		CAB31B121D8FD88B008F84CB /* View */ = {
			isa = PBXGroup;
			children = (
				CAB31B131D8FD88B008F84CB /* LXTabBar.h */,
				CAB31B141D8FD88B008F84CB /* LXTabBar.m */,
			);
			path = View;
			sourceTree = "<group>";
		};
/* End PBXGroup section */

/* Begin PBXNativeTarget section */
		CAB31AB81D8F968F008F84CB /* 百思不得姐 */ = {
			isa = PBXNativeTarget;
			buildConfigurationList = CAB31AD01D8F968F008F84CB /* Build configuration list for PBXNativeTarget "百思不得姐" */;
			buildPhases = (
				CAB31AB51D8F968F008F84CB /* Sources */,
				CAB31AB61D8F968F008F84CB /* Frameworks */,
				CAB31AB71D8F968F008F84CB /* Resources */,
			);
			buildRules = (
			);
			dependencies = (
			);
			name = "百思不得姐";
			productName = "百思不得姐";
			productReference = CAB31AB91D8F968F008F84CB /* 百思不得姐.app */;
			productType = "com.apple.product-type.application";
		};
/* End PBXNativeTarget section */

/* Begin PBXProject section */
		CAB31AB11D8F968F008F84CB /* Project object */ = {
			isa = PBXProject;
			attributes = {
				CLASSPREFIX = LX;
				LastUpgradeCheck = 0730;
				ORGANIZATIONNAME = kmznst;
				TargetAttributes = {
					CAB31AB81D8F968F008F84CB = {
						CreatedOnToolsVersion = 7.3.1;
					};
				};
			};
			buildConfigurationList = CAB31AB41D8F968F008F84CB /* Build configuration list for PBXProject "百思不得姐" */;
			compatibilityVersion = "Xcode 3.2";
			developmentRegion = English;
			hasScannedForEncodings = 0;
			knownRegions = (
				en,
				Base,
			);
			mainGroup = CAB31AB01D8F968F008F84CB;
			productRefGroup = CAB31ABA1D8F968F008F84CB /* Products */;
			projectDirPath = "";
			projectRoot = "";
			targets = (
				CAB31AB81D8F968F008F84CB /* 百思不得姐 */,
			);
		};
/* End PBXProject section */

/* Begin PBXResourcesBuildPhase section */
		CAB31AB71D8F968F008F84CB /* Resources */ = {
			isa = PBXResourcesBuildPhase;
			buildActionMask = 2147483647;
			files = (
				CAB31AC91D8F968F008F84CB /* Images.xcassets in Resources */,
			);
			runOnlyForDeploymentPostprocessing = 0;
		};
/* End PBXResourcesBuildPhase section */

/* Begin PBXSourcesBuildPhase section */
		CAB31AB51D8F968F008F84CB /* Sources */ = {
			isa = PBXSourcesBuildPhase;
			buildActionMask = 2147483647;
			files = (
				CAB31B161D8FD88B008F84CB /* LXFriendTrendsViewController.m in Sources */,
				CAB31B181D8FD88B008F84CB /* LXNewViewController.m in Sources */,
				CAB31B151D8FD88B008F84CB /* LXEssenceViewController.m in Sources */,
				CAB31B1C1D8FD88B008F84CB /* LXTabBarcontroller.m in Sources */,
				CAB31B171D8FD88B008F84CB /* LXMeViewController.m in Sources */,
				CAB31B1B1D8FD88B008F84CB /* UIView+LXExtension.m in Sources */,
				CAB31B1A1D8FD88B008F84CB /* UIBarButtonItem+LXExtension.m in Sources */,
				CAB31B211D8FE0E3008F84CB /* LXNavigationController.m in Sources */,
				CAB31B1D1D8FD88B008F84CB /* main.m in Sources */,
				CAB31B191D8FD88B008F84CB /* AppDelegate.m in Sources */,
				CAB31B1E1D8FD88B008F84CB /* LXTabBar.m in Sources */,
			);
			runOnlyForDeploymentPostprocessing = 0;
		};
/* End PBXSourcesBuildPhase section */

/* Begin XCBuildConfiguration section */
		CAB31ACE1D8F968F008F84CB /* Debug */ = {
			isa = XCBuildConfiguration;
			buildSettings = {
				ALWAYS_SEARCH_USER_PATHS = NO;
				CLANG_ANALYZER_NONNULL = YES;
				CLANG_CXX_LANGUAGE_STANDARD = "gnu++0x";
				CLANG_CXX_LIBRARY = "libc++";
				CLANG_ENABLE_MODULES = YES;
				CLANG_ENABLE_OBJC_ARC = YES;
				CLANG_WARN_BOOL_CONVERSION = YES;
				CLANG_WARN_CONSTANT_CONVERSION = YES;
				CLANG_WARN_DIRECT_OBJC_ISA_USAGE = YES_ERROR;
				CLANG_WARN_EMPTY_BODY = YES;
				CLANG_WARN_ENUM_CONVERSION = YES;
				CLANG_WARN_INT_CONVERSION = YES;
				CLANG_WARN_OBJC_ROOT_CLASS = YES_ERROR;
				CLANG_WARN_UNREACHABLE_CODE = YES;
				CLANG_WARN__DUPLICATE_METHOD_MATCH = YES;
				"CODE_SIGN_IDENTITY[sdk=iphoneos*]" = "iPhone Developer";
				COPY_PHASE_STRIP = NO;
				DEBUG_INFORMATION_FORMAT = dwarf;
				ENABLE_STRICT_OBJC_MSGSEND = YES;
				ENABLE_TESTABILITY = YES;
				GCC_C_LANGUAGE_STANDARD = gnu99;
				GCC_DYNAMIC_NO_PIC = NO;
				GCC_NO_COMMON_BLOCKS = YES;
				GCC_OPTIMIZATION_LEVEL = 0;
				GCC_PREPROCESSOR_DEFINITIONS = (
					"DEBUG=1",
					"$(inherited)",
				);
				GCC_WARN_64_TO_32_BIT_CONVERSION = YES;
				GCC_WARN_ABOUT_RETURN_TYPE = YES_ERROR;
				GCC_WARN_UNDECLARED_SELECTOR = YES;
				GCC_WARN_UNINITIALIZED_AUTOS = YES_AGGRESSIVE;
				GCC_WARN_UNUSED_FUNCTION = YES;
				GCC_WARN_UNUSED_VARIABLE = YES;
				IPHONEOS_DEPLOYMENT_TARGET = 9.3;
				MTL_ENABLE_DEBUG_INFO = YES;
				ONLY_ACTIVE_ARCH = YES;
				SDKROOT = iphoneos;
			};
			name = Debug;
		};
		CAB31ACF1D8F968F008F84CB /* Release */ = {
			isa = XCBuildConfiguration;
			buildSettings = {
				ALWAYS_SEARCH_USER_PATHS = NO;
				CLANG_ANALYZER_NONNULL = YES;
				CLANG_CXX_LANGUAGE_STANDARD = "gnu++0x";
				CLANG_CXX_LIBRARY = "libc++";
				CLANG_ENABLE_MODULES = YES;
				CLANG_ENABLE_OBJC_ARC = YES;
				CLANG_WARN_BOOL_CONVERSION = YES;
				CLANG_WARN_CONSTANT_CONVERSION = YES;
				CLANG_WARN_DIRECT_OBJC_ISA_USAGE = YES_ERROR;
				CLANG_WARN_EMPTY_BODY = YES;
				CLANG_WARN_ENUM_CONVERSION = YES;
				CLANG_WARN_INT_CONVERSION = YES;
				CLANG_WARN_OBJC_ROOT_CLASS = YES_ERROR;
				CLANG_WARN_UNREACHABLE_CODE = YES;
				CLANG_WARN__DUPLICATE_METHOD_MATCH = YES;
				"CODE_SIGN_IDENTITY[sdk=iphoneos*]" = "iPhone Developer";
				COPY_PHASE_STRIP = NO;
				DEBUG_INFORMATION_FORMAT = "dwarf-with-dsym";
				ENABLE_NS_ASSERTIONS = NO;
				ENABLE_STRICT_OBJC_MSGSEND = YES;
				GCC_C_LANGUAGE_STANDARD = gnu99;
				GCC_NO_COMMON_BLOCKS = YES;
				GCC_WARN_64_TO_32_BIT_CONVERSION = YES;
				GCC_WARN_ABOUT_RETURN_TYPE = YES_ERROR;
				GCC_WARN_UNDECLARED_SELECTOR = YES;
				GCC_WARN_UNINITIALIZED_AUTOS = YES_AGGRESSIVE;
				GCC_WARN_UNUSED_FUNCTION = YES;
				GCC_WARN_UNUSED_VARIABLE = YES;
				IPHONEOS_DEPLOYMENT_TARGET = 9.3;
				MTL_ENABLE_DEBUG_INFO = NO;
				SDKROOT = iphoneos;
				VALIDATE_PRODUCT = YES;
			};
			name = Release;
		};
		CAB31AD11D8F968F008F84CB /* Debug */ = {
			isa = XCBuildConfiguration;
			buildSettings = {
				ASSETCATALOG_COMPILER_APPICON_NAME = AppIcon;
				ASSETCATALOG_COMPILER_LAUNCHIMAGE_NAME = LaunchImage;
				GCC_PREFIX_HEADER = "百思不得姐/Classes/Other/PrefixHeader.pch";
				INFOPLIST_FILE = "百思不得姐/Info.plist";
				IPHONEOS_DEPLOYMENT_TARGET = 8.3;
				LD_RUNPATH_SEARCH_PATHS = "$(inherited) @executable_path/Frameworks";
				PRODUCT_BUNDLE_IDENTIFIER = "com.kmznst.-----";
				PRODUCT_NAME = "$(TARGET_NAME)";
			};
			name = Debug;
		};
		CAB31AD21D8F968F008F84CB /* Release */ = {
			isa = XCBuildConfiguration;
			buildSettings = {
				ASSETCATALOG_COMPILER_APPICON_NAME = AppIcon;
				ASSETCATALOG_COMPILER_LAUNCHIMAGE_NAME = LaunchImage;
				GCC_PREFIX_HEADER = "百思不得姐/Classes/Other/PrefixHeader.pch";
				INFOPLIST_FILE = "百思不得姐/Info.plist";
				IPHONEOS_DEPLOYMENT_TARGET = 8.3;
				LD_RUNPATH_SEARCH_PATHS = "$(inherited) @executable_path/Frameworks";
				PRODUCT_BUNDLE_IDENTIFIER = "com.kmznst.-----";
				PRODUCT_NAME = "$(TARGET_NAME)";
			};
			name = Release;
		};
/* End XCBuildConfiguration section */

/* Begin XCConfigurationList section */
		CAB31AB41D8F968F008F84CB /* Build configuration list for PBXProject "百思不得姐" */ = {
			isa = XCConfigurationList;
			buildConfigurations = (
				CAB31ACE1D8F968F008F84CB /* Debug */,
				CAB31ACF1D8F968F008F84CB /* Release */,
			);
			defaultConfigurationIsVisible = 0;
			defaultConfigurationName = Release;
		};
		CAB31AD01D8F968F008F84CB /* Build configuration list for PBXNativeTarget "百思不得姐" */ = {
			isa = XCConfigurationList;
			buildConfigurations = (
				CAB31AD11D8F968F008F84CB /* Debug */,
				CAB31AD21D8F968F008F84CB /* Release */,
			);
			defaultConfigurationIsVisible = 0;
		};
/* End XCConfigurationList section */
	};
	rootObject = CAB31AB11D8F968F008F84CB /* Project object */;
}
